
Microsoft Visual Studio Solution File, Format Version 12.00
# Visual Studio Version 16
VisualStudioVersion = 16.0.29911.84
MinimumVisualStudioVersion = 10.0.40219.1
Project("{FAE04EC0-301F-11D3-BF4B-00C04F79EFBC}") = "lab_07", "lab_07.csproj", "{F9F8B513-591A-4D6D-BB33-E1AFD2F249A4}"
EndProject
Global
	GlobalSection(SolutionConfigurationPlatforms) = preSolution
		Debug|Any CPU = Debug|Any CPU
		Release|Any CPU = Release|Any CPU
	EndGlobalSection
	GlobalSection(ProjectConfigurationPlatforms) = postSolution
		{F9F8B513-591A-4D6D-BB33-E1AFD2F249A4}.Debug|Any CPU.ActiveCfg = Debug|Any CPU
		{F9F8B513-591A-4D6D-BB33-E1AFD2F249A4}.Debug|Any CPU.Build.0 = Debug|Any CPU
		{F9F8B513-591A-4D6D-BB33-E1AFD2F249A4}.Release|Any CPU.ActiveCfg = Release|Any CPU
		{F9F8B513-591A-4D6D-BB33-E1AFD2F249A4}.Release|Any CPU.Build.0 = Release|Any CPU
	EndGlobalSection
	GlobalSection(SolutionProperties) = preSolution
		HideSolutionNode = FALSE
	EndGlobalSection
	GlobalSection(ExtensibilityGlobals) = postSolution
		SolutionGuid = {8A750A75-BEF7-43C3-9FB1-A8B0B6631D7D}
	EndGlobalSection
EndGlobal
