
Microsoft Visual Studio Solution File, Format Version 12.00
# Visual Studio Version 16
VisualStudioVersion = 16.0.29911.84
MinimumVisualStudioVersion = 10.0.40219.1
Project("{FAE04EC0-301F-11D3-BF4B-00C04F79EFBC}") = "lab_03", "lab_03.csproj", "{A3D948E7-57EA-47BF-A705-CEFEB74D5C48}"
EndProject
Global
	GlobalSection(SolutionConfigurationPlatforms) = preSolution
		Debug|Any CPU = Debug|Any CPU
		Release|Any CPU = Release|Any CPU
	EndGlobalSection
	GlobalSection(ProjectConfigurationPlatforms) = postSolution
		{A3D948E7-57EA-47BF-A705-CEFEB74D5C48}.Debug|Any CPU.ActiveCfg = Debug|Any CPU
		{A3D948E7-57EA-47BF-A705-CEFEB74D5C48}.Debug|Any CPU.Build.0 = Debug|Any CPU
		{A3D948E7-57EA-47BF-A705-CEFEB74D5C48}.Release|Any CPU.ActiveCfg = Release|Any CPU
		{A3D948E7-57EA-47BF-A705-CEFEB74D5C48}.Release|Any CPU.Build.0 = Release|Any CPU
	EndGlobalSection
	GlobalSection(SolutionProperties) = preSolution
		HideSolutionNode = FALSE
	EndGlobalSection
	GlobalSection(ExtensibilityGlobals) = postSolution
		SolutionGuid = {ABC25E88-0CEB-4DD3-9768-02E133D55D8E}
	EndGlobalSection
EndGlobal
